// !$*UTF8*$!
{
	archiveVersion = 1;
	classes = {
	};
	objectVersion = 56;
	objects = {

/* Begin PBXBuildFile section */
		1D2E4C372D94ACA8001FE0EC /* WorkoutsView.swift in Sources */ = {isa = PBXBuildFile; fileRef = 1D2E4C362D94ACA8001FE0EC /* WorkoutsView.swift */; };
		1D2E4C392D94AD27001FE0EC /* WorkoutDetailView.swift in Sources */ = {isa = PBXBuildFile; fileRef = 1D2E4C382D94AD27001FE0EC /* WorkoutDetailView.swift */; };
		1D2E4C3B2D94AD70001FE0EC /* MenuView.swift in Sources */ = {isa = PBXBuildFile; fileRef = 1D2E4C3A2D94AD70001FE0EC /* MenuView.swift */; };
		1D2E4C3D2D94ADA7001FE0EC /* SocialMediaView.swift in Sources */ = {isa = PBXBuildFile; fileRef = 1D2E4C3C2D94ADA7001FE0EC /* SocialMediaView.swift */; };
		1D2E4C3F2D94AEB7001FE0EC /* ProfileView.swift in Sources */ = {isa = PBXBuildFile; fileRef = 1D2E4C3E2D94AEB7001FE0EC /* ProfileView.swift */; };
		1D2E4C412D94AEC6001FE0EC /* MembershipView.swift in Sources */ = {isa = PBXBuildFile; fileRef = 1D2E4C402D94AEC6001FE0EC /* MembershipView.swift */; };
		1D2E4C432D94AED4001FE0EC /* NotificationsSettingsView.swift in Sources */ = {isa = PBXBuildFile; fileRef = 1D2E4C422D94AED4001FE0EC /* NotificationsSettingsView.swift */; };
		1D2E4C452D94AEE2001FE0EC /* AppSettingsView.swift in Sources */ = {isa = PBXBuildFile; fileRef = 1D2E4C442D94AEE2001FE0EC /* AppSettingsView.swift */; };
		1D2E4C472D94AF03001FE0EC /* CredentialCard.swift in Sources */ = {isa = PBXBuildFile; fileRef = 1D2E4C462D94AF03001FE0EC /* CredentialCard.swift */; };
		1D2E4C492D94AF4D001FE0EC /* PromotionCard.swift in Sources */ = {isa = PBXBuildFile; fileRef = 1D2E4C482D94AF4D001FE0EC /* PromotionCard.swift */; };
		1D2E4C4B2D94B5A0001FE0EC /* SignUpView.swift in Sources */ = {isa = PBXBuildFile; fileRef = 1D2E4C4A2D94B5A0001FE0EC /* SignUpView.swift */; };
		1D2E4C4D2D94B5C4001FE0EC /* AuthenticationView.swift in Sources */ = {isa = PBXBuildFile; fileRef = 1D2E4C4C2D94B5C4001FE0EC /* AuthenticationView.swift */; };
		1D2E4C4F2D94B5DD001FE0EC /* ForgotPasswordView.swift in Sources */ = {isa = PBXBuildFile; fileRef = 1D2E4C4E2D94B5DD001FE0EC /* ForgotPasswordView.swift */; };
		1D2E4C522D94B60E001FE0EC /* View+Extension.swift in Sources */ = {isa = PBXBuildFile; fileRef = 1D2E4C512D94B602001FE0EC /* View+Extension.swift */; };
		1D2E4C542D94B684001FE0EC /* AuthViewModel.swift in Sources */ = {isa = PBXBuildFile; fileRef = 1D2E4C532D94B684001FE0EC /* AuthViewModel.swift */; };
		1D2E4C582D94CA1E001FE0EC /* PromotionsCarousel.swift in Sources */ = {isa = PBXBuildFile; fileRef = 1D2E4C572D94CA1E001FE0EC /* PromotionsCarousel.swift */; };
		1D2E4C5E2D94CEDF001FE0EC /* UpcomingClassesView.swift in Sources */ = {isa = PBXBuildFile; fileRef = 1D2E4C5D2D94CEDF001FE0EC /* UpcomingClassesView.swift */; };
		1D2E4C602D94CEEE001FE0EC /* UpcomingClassCard.swift in Sources */ = {isa = PBXBuildFile; fileRef = 1D2E4C5F2D94CEEE001FE0EC /* UpcomingClassCard.swift */; };
		1D2E4C632D94CFA4001FE0EC /* GymClass.swift in Sources */ = {isa = PBXBuildFile; fileRef = 1D2E4C622D94CFA4001FE0EC /* GymClass.swift */; };
		1D2E4C652D94CFC4001FE0EC /* ClassCard.swift in Sources */ = {isa = PBXBuildFile; fileRef = 1D2E4C642D94CFC4001FE0EC /* ClassCard.swift */; };
		1D2E4C672D94D021001FE0EC /* FullScreenImageView.swift in Sources */ = {isa = PBXBuildFile; fileRef = 1D2E4C662D94D021001FE0EC /* FullScreenImageView.swift */; };
		1D2E4C692D94D04C001FE0EC /* Workout.swift in Sources */ = {isa = PBXBuildFile; fileRef = 1D2E4C682D94D04C001FE0EC /* Workout.swift */; };
		1D2E4C6C2D94D070001FE0EC /* WorkoutRow.swift in Sources */ = {isa = PBXBuildFile; fileRef = 1D2E4C6B2D94D070001FE0EC /* WorkoutRow.swift */; };
		1D2E4C6F2D94D175001FE0EC /* MenuRow.swift in Sources */ = {isa = PBXBuildFile; fileRef = 1D2E4C6E2D94D175001FE0EC /* MenuRow.swift */; };
		1D2E4C712D94D1E4001FE0EC /* SocialButton.swift in Sources */ = {isa = PBXBuildFile; fileRef = 1D2E4C702D94D1E4001FE0EC /* SocialButton.swift */; };
		1D2E4C732D94D201001FE0EC /* ServiceInfoCard.swift in Sources */ = {isa = PBXBuildFile; fileRef = 1D2E4C722D94D201001FE0EC /* ServiceInfoCard.swift */; };
		1D2E4C752D94D210001FE0EC /* FAQItem.swift in Sources */ = {isa = PBXBuildFile; fileRef = 1D2E4C742D94D210001FE0EC /* FAQItem.swift */; };
		1D2E4C772D94D22C001FE0EC /* ProfileInfoSection.swift in Sources */ = {isa = PBXBuildFile; fileRef = 1D2E4C762D94D22C001FE0EC /* ProfileInfoSection.swift */; };
		1D2E4C792D94D23D001FE0EC /* ProfileField.swift in Sources */ = {isa = PBXBuildFile; fileRef = 1D2E4C782D94D23D001FE0EC /* ProfileField.swift */; };
		1D2E4C7B2D94D272001FE0EC /* StatCard.swift in Sources */ = {isa = PBXBuildFile; fileRef = 1D2E4C7A2D94D272001FE0EC /* StatCard.swift */; };
		1D2E4C7E2D94D29F001FE0EC /* MembershipPlanCard.swift in Sources */ = {isa = PBXBuildFile; fileRef = 1D2E4C7D2D94D29F001FE0EC /* MembershipPlanCard.swift */; };
		1D2E4C802D94D2B2001FE0EC /* RenewalOptionsView.swift in Sources */ = {isa = PBXBuildFile; fileRef = 1D2E4C7F2D94D2B2001FE0EC /* RenewalOptionsView.swift */; };
		1D2E4C822D94D2BF001FE0EC /* PaymentHistoryRow.swift in Sources */ = {isa = PBXBuildFile; fileRef = 1D2E4C812D94D2BF001FE0EC /* PaymentHistoryRow.swift */; };
		1D2E4C842D94D2D1001FE0EC /* BenefitRow.swift in Sources */ = {isa = PBXBuildFile; fileRef = 1D2E4C832D94D2D1001FE0EC /* BenefitRow.swift */; };
		1D2E4C862D94D2E2001FE0EC /* MembershipProgressBar.swift in Sources */ = {isa = PBXBuildFile; fileRef = 1D2E4C852D94D2E2001FE0EC /* MembershipProgressBar.swift */; };
		1D88B82B2CCB4CB5009B6538 /* CustomerServiceView.swift in Sources */ = {isa = PBXBuildFile; fileRef = 1D88B82A2CCB4CB5009B6538 /* CustomerServiceView.swift */; };
		1DFA610D2C7D887400323C10 /* GymFitApp.swift in Sources */ = {isa = PBXBuildFile; fileRef = 1DFA610C2C7D887400323C10 /* GymFitApp.swift */; };
		1DFA610F2C7D887400323C10 /* ContentView.swift in Sources */ = {isa = PBXBuildFile; fileRef = 1DFA610E2C7D887400323C10 /* ContentView.swift */; };
		1DFA61132C7D887500323C10 /* Assets.xcassets in Resources */ = {isa = PBXBuildFile; fileRef = 1DFA61122C7D887500323C10 /* Assets.xcassets */; };
		1DFA61172C7D887500323C10 /* Preview Assets.xcassets in Resources */ = {isa = PBXBuildFile; fileRef = 1DFA61162C7D887500323C10 /* Preview Assets.xcassets */; };
		1DFA61212C7D887500323C10 /* GymFitTests.swift in Sources */ = {isa = PBXBuildFile; fileRef = 1DFA61202C7D887500323C10 /* GymFitTests.swift */; };
		1DFA612B2C7D887500323C10 /* GymFitUITests.swift in Sources */ = {isa = PBXBuildFile; fileRef = 1DFA612A2C7D887500323C10 /* GymFitUITests.swift */; };
		1DFA612D2C7D887500323C10 /* GymFitUITestsLaunchTests.swift in Sources */ = {isa = PBXBuildFile; fileRef = 1DFA612C2C7D887500323C10 /* GymFitUITestsLaunchTests.swift */; };
		1DFA613B2C82AC7100323C10 /* LoginView.swift in Sources */ = {isa = PBXBuildFile; fileRef = 1DFA613A2C82AC7100323C10 /* LoginView.swift */; };
		1DFA61422C82ADA800323C10 /* HomeView.swift in Sources */ = {isa = PBXBuildFile; fileRef = 1DFA61412C82ADA800323C10 /* HomeView.swift */; };
		1DFA61482C82AEEC00323C10 /* UIConstants.swift in Sources */ = {isa = PBXBuildFile; fileRef = 1DFA61472C82AEEC00323C10 /* UIConstants.swift */; };
		1DFA614A2C82AF4B00323C10 /* AppStrings.swift in Sources */ = {isa = PBXBuildFile; fileRef = 1DFA61492C82AF4B00323C10 /* AppStrings.swift */; };
		1DFA614C2C82B16600323C10 /* HomeViewModel.swift in Sources */ = {isa = PBXBuildFile; fileRef = 1DFA614B2C82B16600323C10 /* HomeViewModel.swift */; };
		1DFA614F2C82D61000323C10 /* SchedulesView.swift in Sources */ = {isa = PBXBuildFile; fileRef = 1DFA614E2C82D61000323C10 /* SchedulesView.swift */; };
		1DFA615A2C87A77000323C10 /* ConfigurationManager.swift in Sources */ = {isa = PBXBuildFile; fileRef = 1DFA61592C87A77000323C10 /* ConfigurationManager.swift */; };
/* End PBXBuildFile section */

/* Begin PBXContainerItemProxy section */
		1DFA611D2C7D887500323C10 /* PBXContainerItemProxy */ = {
			isa = PBXContainerItemProxy;
			containerPortal = 1DFA61012C7D887400323C10 /* Project object */;
			proxyType = 1;
			remoteGlobalIDString = 1DFA61082C7D887400323C10;
			remoteInfo = GymFit;
		};
		1DFA61272C7D887500323C10 /* PBXContainerItemProxy */ = {
			isa = PBXContainerItemProxy;
			containerPortal = 1DFA61012C7D887400323C10 /* Project object */;
			proxyType = 1;
			remoteGlobalIDString = 1DFA61082C7D887400323C10;
			remoteInfo = GymFit;
		};
/* End PBXContainerItemProxy section */

/* Begin PBXFileReference section */
		1D2E4C362D94ACA8001FE0EC /* WorkoutsView.swift */ = {isa = PBXFileReference; lastKnownFileType = sourcecode.swift; path = WorkoutsView.swift; sourceTree = "<group>"; };
		1D2E4C382D94AD27001FE0EC /* WorkoutDetailView.swift */ = {isa = PBXFileReference; lastKnownFileType = sourcecode.swift; path = WorkoutDetailView.swift; sourceTree = "<group>"; };
		1D2E4C3A2D94AD70001FE0EC /* MenuView.swift */ = {isa = PBXFileReference; lastKnownFileType = sourcecode.swift; path = MenuView.swift; sourceTree = "<group>"; };
		1D2E4C3C2D94ADA7001FE0EC /* SocialMediaView.swift */ = {isa = PBXFileReference; lastKnownFileType = sourcecode.swift; path = SocialMediaView.swift; sourceTree = "<group>"; };
		1D2E4C3E2D94AEB7001FE0EC /* ProfileView.swift */ = {isa = PBXFileReference; lastKnownFileType = sourcecode.swift; path = ProfileView.swift; sourceTree = "<group>"; };
		1D2E4C402D94AEC6001FE0EC /* MembershipView.swift */ = {isa = PBXFileReference; lastKnownFileType = sourcecode.swift; path = MembershipView.swift; sourceTree = "<group>"; };
		1D2E4C422D94AED4001FE0EC /* NotificationsSettingsView.swift */ = {isa = PBXFileReference; lastKnownFileType = sourcecode.swift; path = NotificationsSettingsView.swift; sourceTree = "<group>"; };
		1D2E4C442D94AEE2001FE0EC /* AppSettingsView.swift */ = {isa = PBXFileReference; lastKnownFileType = sourcecode.swift; path = AppSettingsView.swift; sourceTree = "<group>"; };
		1D2E4C462D94AF03001FE0EC /* CredentialCard.swift */ = {isa = PBXFileReference; lastKnownFileType = sourcecode.swift; path = CredentialCard.swift; sourceTree = "<group>"; };
		1D2E4C482D94AF4D001FE0EC /* PromotionCard.swift */ = {isa = PBXFileReference; lastKnownFileType = sourcecode.swift; path = PromotionCard.swift; sourceTree = "<group>"; };
		1D2E4C4A2D94B5A0001FE0EC /* SignUpView.swift */ = {isa = PBXFileReference; lastKnownFileType = sourcecode.swift; path = SignUpView.swift; sourceTree = "<group>"; };
		1D2E4C4C2D94B5C4001FE0EC /* AuthenticationView.swift */ = {isa = PBXFileReference; lastKnownFileType = sourcecode.swift; path = AuthenticationView.swift; sourceTree = "<group>"; };
		1D2E4C4E2D94B5DD001FE0EC /* ForgotPasswordView.swift */ = {isa = PBXFileReference; lastKnownFileType = sourcecode.swift; path = ForgotPasswordView.swift; sourceTree = "<group>"; };
		1D2E4C512D94B602001FE0EC /* View+Extension.swift */ = {isa = PBXFileReference; lastKnownFileType = sourcecode.swift; path = "View+Extension.swift"; sourceTree = "<group>"; };
		1D2E4C532D94B684001FE0EC /* AuthViewModel.swift */ = {isa = PBXFileReference; lastKnownFileType = sourcecode.swift; path = AuthViewModel.swift; sourceTree = "<group>"; };
		1D2E4C572D94CA1E001FE0EC /* PromotionsCarousel.swift */ = {isa = PBXFileReference; lastKnownFileType = sourcecode.swift; path = PromotionsCarousel.swift; sourceTree = "<group>"; };
		1D2E4C5D2D94CEDF001FE0EC /* UpcomingClassesView.swift */ = {isa = PBXFileReference; lastKnownFileType = sourcecode.swift; path = UpcomingClassesView.swift; sourceTree = "<group>"; };
		1D2E4C5F2D94CEEE001FE0EC /* UpcomingClassCard.swift */ = {isa = PBXFileReference; lastKnownFileType = sourcecode.swift; path = UpcomingClassCard.swift; sourceTree = "<group>"; };
		1D2E4C622D94CFA4001FE0EC /* GymClass.swift */ = {isa = PBXFileReference; lastKnownFileType = sourcecode.swift; path = GymClass.swift; sourceTree = "<group>"; };
		1D2E4C642D94CFC4001FE0EC /* ClassCard.swift */ = {isa = PBXFileReference; lastKnownFileType = sourcecode.swift; path = ClassCard.swift; sourceTree = "<group>"; };
		1D2E4C662D94D021001FE0EC /* FullScreenImageView.swift */ = {isa = PBXFileReference; lastKnownFileType = sourcecode.swift; path = FullScreenImageView.swift; sourceTree = "<group>"; };
		1D2E4C682D94D04C001FE0EC /* Workout.swift */ = {isa = PBXFileReference; lastKnownFileType = sourcecode.swift; path = Workout.swift; sourceTree = "<group>"; };
		1D2E4C6B2D94D070001FE0EC /* WorkoutRow.swift */ = {isa = PBXFileReference; lastKnownFileType = sourcecode.swift; path = WorkoutRow.swift; sourceTree = "<group>"; };
		1D2E4C6E2D94D175001FE0EC /* MenuRow.swift */ = {isa = PBXFileReference; lastKnownFileType = sourcecode.swift; path = MenuRow.swift; sourceTree = "<group>"; };
		1D2E4C702D94D1E4001FE0EC /* SocialButton.swift */ = {isa = PBXFileReference; lastKnownFileType = sourcecode.swift; path = SocialButton.swift; sourceTree = "<group>"; };
		1D2E4C722D94D201001FE0EC /* ServiceInfoCard.swift */ = {isa = PBXFileReference; lastKnownFileType = sourcecode.swift; path = ServiceInfoCard.swift; sourceTree = "<group>"; };
		1D2E4C742D94D210001FE0EC /* FAQItem.swift */ = {isa = PBXFileReference; lastKnownFileType = sourcecode.swift; path = FAQItem.swift; sourceTree = "<group>"; };
		1D2E4C762D94D22C001FE0EC /* ProfileInfoSection.swift */ = {isa = PBXFileReference; lastKnownFileType = sourcecode.swift; path = ProfileInfoSection.swift; sourceTree = "<group>"; };
		1D2E4C782D94D23D001FE0EC /* ProfileField.swift */ = {isa = PBXFileReference; lastKnownFileType = sourcecode.swift; path = ProfileField.swift; sourceTree = "<group>"; };
		1D2E4C7A2D94D272001FE0EC /* StatCard.swift */ = {isa = PBXFileReference; lastKnownFileType = sourcecode.swift; path = StatCard.swift; sourceTree = "<group>"; };
		1D2E4C7D2D94D29F001FE0EC /* MembershipPlanCard.swift */ = {isa = PBXFileReference; lastKnownFileType = sourcecode.swift; path = MembershipPlanCard.swift; sourceTree = "<group>"; };
		1D2E4C7F2D94D2B2001FE0EC /* RenewalOptionsView.swift */ = {isa = PBXFileReference; lastKnownFileType = sourcecode.swift; path = RenewalOptionsView.swift; sourceTree = "<group>"; };
		1D2E4C812D94D2BF001FE0EC /* PaymentHistoryRow.swift */ = {isa = PBXFileReference; lastKnownFileType = sourcecode.swift; path = PaymentHistoryRow.swift; sourceTree = "<group>"; };
		1D2E4C832D94D2D1001FE0EC /* BenefitRow.swift */ = {isa = PBXFileReference; lastKnownFileType = sourcecode.swift; path = BenefitRow.swift; sourceTree = "<group>"; };
		1D2E4C852D94D2E2001FE0EC /* MembershipProgressBar.swift */ = {isa = PBXFileReference; lastKnownFileType = sourcecode.swift; path = MembershipProgressBar.swift; sourceTree = "<group>"; };
		1D88B82A2CCB4CB5009B6538 /* CustomerServiceView.swift */ = {isa = PBXFileReference; lastKnownFileType = sourcecode.swift; path = CustomerServiceView.swift; sourceTree = "<group>"; };
		1DFA61092C7D887400323C10 /* GymFit.app */ = {isa = PBXFileReference; explicitFileType = wrapper.application; includeInIndex = 0; path = GymFit.app; sourceTree = BUILT_PRODUCTS_DIR; };
		1DFA610C2C7D887400323C10 /* GymFitApp.swift */ = {isa = PBXFileReference; lastKnownFileType = sourcecode.swift; path = GymFitApp.swift; sourceTree = "<group>"; };
		1DFA610E2C7D887400323C10 /* ContentView.swift */ = {isa = PBXFileReference; lastKnownFileType = sourcecode.swift; path = ContentView.swift; sourceTree = "<group>"; };
		1DFA61122C7D887500323C10 /* Assets.xcassets */ = {isa = PBXFileReference; lastKnownFileType = folder.assetcatalog; path = Assets.xcassets; sourceTree = "<group>"; };
		1DFA61142C7D887500323C10 /* GymFit.entitlements */ = {isa = PBXFileReference; lastKnownFileType = text.plist.entitlements; path = GymFit.entitlements; sourceTree = "<group>"; };
		1DFA61162C7D887500323C10 /* Preview Assets.xcassets */ = {isa = PBXFileReference; lastKnownFileType = folder.assetcatalog; path = "Preview Assets.xcassets"; sourceTree = "<group>"; };
		1DFA611C2C7D887500323C10 /* GymFitTests.xctest */ = {isa = PBXFileReference; explicitFileType = wrapper.cfbundle; includeInIndex = 0; path = GymFitTests.xctest; sourceTree = BUILT_PRODUCTS_DIR; };
		1DFA61202C7D887500323C10 /* GymFitTests.swift */ = {isa = PBXFileReference; lastKnownFileType = sourcecode.swift; path = GymFitTests.swift; sourceTree = "<group>"; };
		1DFA61262C7D887500323C10 /* GymFitUITests.xctest */ = {isa = PBXFileReference; explicitFileType = wrapper.cfbundle; includeInIndex = 0; path = GymFitUITests.xctest; sourceTree = BUILT_PRODUCTS_DIR; };
		1DFA612A2C7D887500323C10 /* GymFitUITests.swift */ = {isa = PBXFileReference; lastKnownFileType = sourcecode.swift; path = GymFitUITests.swift; sourceTree = "<group>"; };
		1DFA612C2C7D887500323C10 /* GymFitUITestsLaunchTests.swift */ = {isa = PBXFileReference; lastKnownFileType = sourcecode.swift; path = GymFitUITestsLaunchTests.swift; sourceTree = "<group>"; };
		1DFA613A2C82AC7100323C10 /* LoginView.swift */ = {isa = PBXFileReference; lastKnownFileType = sourcecode.swift; path = LoginView.swift; sourceTree = "<group>"; };
		1DFA61412C82ADA800323C10 /* HomeView.swift */ = {isa = PBXFileReference; lastKnownFileType = sourcecode.swift; path = HomeView.swift; sourceTree = "<group>"; };
		1DFA61472C82AEEC00323C10 /* UIConstants.swift */ = {isa = PBXFileReference; lastKnownFileType = sourcecode.swift; path = UIConstants.swift; sourceTree = "<group>"; };
		1DFA61492C82AF4B00323C10 /* AppStrings.swift */ = {isa = PBXFileReference; lastKnownFileType = sourcecode.swift; path = AppStrings.swift; sourceTree = "<group>"; };
		1DFA614B2C82B16600323C10 /* HomeViewModel.swift */ = {isa = PBXFileReference; lastKnownFileType = sourcecode.swift; path = HomeViewModel.swift; sourceTree = "<group>"; };
		1DFA614E2C82D61000323C10 /* SchedulesView.swift */ = {isa = PBXFileReference; lastKnownFileType = sourcecode.swift; path = SchedulesView.swift; sourceTree = "<group>"; };
		1DFA61592C87A77000323C10 /* ConfigurationManager.swift */ = {isa = PBXFileReference; lastKnownFileType = sourcecode.swift; path = ConfigurationManager.swift; sourceTree = "<group>"; };
		1DFA615B2C87A7C100323C10 /* Info.plist */ = {isa = PBXFileReference; lastKnownFileType = text.plist.xml; path = Info.plist; sourceTree = "<group>"; };
/* End PBXFileReference section */

/* Begin PBXFrameworksBuildPhase section */
		1DFA61062C7D887400323C10 /* Frameworks */ = {
			isa = PBXFrameworksBuildPhase;
			buildActionMask = 2147483647;
			files = (
			);
			runOnlyForDeploymentPostprocessing = 0;
		};
		1DFA61192C7D887500323C10 /* Frameworks */ = {
			isa = PBXFrameworksBuildPhase;
			buildActionMask = 2147483647;
			files = (
			);
			runOnlyForDeploymentPostprocessing = 0;
		};
		1DFA61232C7D887500323C10 /* Frameworks */ = {
			isa = PBXFrameworksBuildPhase;
			buildActionMask = 2147483647;
			files = (
			);
			runOnlyForDeploymentPostprocessing = 0;
		};
/* End PBXFrameworksBuildPhase section */

/* Begin PBXGroup section */
		1D2E4C502D94B5FC001FE0EC /* Extensions */ = {
			isa = PBXGroup;
			children = (
				1D2E4C512D94B602001FE0EC /* View+Extension.swift */,
			);
			path = Extensions;
			sourceTree = "<group>";
		};
		1D2E4C5B2D94CBF7001FE0EC /* Home */ = {
			isa = PBXGroup;
			children = (
				1D2E4C5F2D94CEEE001FE0EC /* UpcomingClassCard.swift */,
				1D2E4C5D2D94CEDF001FE0EC /* UpcomingClassesView.swift */,
				1D2E4C572D94CA1E001FE0EC /* PromotionsCarousel.swift */,
				1D2E4C482D94AF4D001FE0EC /* PromotionCard.swift */,
				1D2E4C462D94AF03001FE0EC /* CredentialCard.swift */,
			);
			path = Home;
			sourceTree = "<group>";
		};
		1D2E4C612D94CF90001FE0EC /* Sessions */ = {
			isa = PBXGroup;
			children = (
				1D2E4C662D94D021001FE0EC /* FullScreenImageView.swift */,
				1D2E4C642D94CFC4001FE0EC /* ClassCard.swift */,
			);
			path = Sessions;
			sourceTree = "<group>";
		};
		1D2E4C6A2D94D067001FE0EC /* Workouts */ = {
			isa = PBXGroup;
			children = (
				1D2E4C6B2D94D070001FE0EC /* WorkoutRow.swift */,
				1D2E4C382D94AD27001FE0EC /* WorkoutDetailView.swift */,
			);
			path = Workouts;
			sourceTree = "<group>";
		};
		1D2E4C6D2D94D168001FE0EC /* Menu */ = {
			isa = PBXGroup;
			children = (
				1D2E4C7C2D94D291001FE0EC /* Membership */,
				1D2E4C7A2D94D272001FE0EC /* StatCard.swift */,
				1D2E4C762D94D22C001FE0EC /* ProfileInfoSection.swift */,
				1D2E4C742D94D210001FE0EC /* FAQItem.swift */,
				1D2E4C722D94D201001FE0EC /* ServiceInfoCard.swift */,
				1D2E4C702D94D1E4001FE0EC /* SocialButton.swift */,
				1D2E4C6E2D94D175001FE0EC /* MenuRow.swift */,
			);
			path = Menu;
			sourceTree = "<group>";
		};
		1D2E4C7C2D94D291001FE0EC /* Membership */ = {
			isa = PBXGroup;
			children = (
				1D2E4C852D94D2E2001FE0EC /* MembershipProgressBar.swift */,
				1D2E4C832D94D2D1001FE0EC /* BenefitRow.swift */,
				1D2E4C812D94D2BF001FE0EC /* PaymentHistoryRow.swift */,
				1D2E4C7F2D94D2B2001FE0EC /* RenewalOptionsView.swift */,
				1D2E4C7D2D94D29F001FE0EC /* MembershipPlanCard.swift */,
			);
			path = Membership;
			sourceTree = "<group>";
		};
		1D88B81B2CCB4B8F009B6538 /* Workouts */ = {
			isa = PBXGroup;
			children = (
				1D2E4C362D94ACA8001FE0EC /* WorkoutsView.swift */,
			);
			path = Workouts;
			sourceTree = "<group>";
		};
		1DFA61002C7D887400323C10 = {
			isa = PBXGroup;
			children = (
				1DFA610B2C7D887400323C10 /* GymFit */,
				1DFA611F2C7D887500323C10 /* GymFitTests */,
				1DFA61292C7D887500323C10 /* GymFitUITests */,
				1DFA610A2C7D887400323C10 /* Products */,
			);
			sourceTree = "<group>";
		};
		1DFA610A2C7D887400323C10 /* Products */ = {
			isa = PBXGroup;
			children = (
				1DFA61092C7D887400323C10 /* GymFit.app */,
				1DFA611C2C7D887500323C10 /* GymFitTests.xctest */,
				1DFA61262C7D887500323C10 /* GymFitUITests.xctest */,
			);
			name = Products;
			sourceTree = "<group>";
		};
		1DFA610B2C7D887400323C10 /* GymFit */ = {
			isa = PBXGroup;
			children = (
				1D2E4C502D94B5FC001FE0EC /* Extensions */,
				1DFA61582C87A76300323C10 /* Managers */,
				1DFA61462C82AED200323C10 /* Resources */,
				1DFA61432C82AE4F00323C10 /* Components */,
				1DFA613D2C82AC9000323C10 /* Models */,
				1DFA613C2C82AC8A00323C10 /* ViewModels */,
				1DFA61392C82AC6000323C10 /* Views */,
				1DFA610C2C7D887400323C10 /* GymFitApp.swift */,
				1DFA61122C7D887500323C10 /* Assets.xcassets */,
				1DFA61142C7D887500323C10 /* GymFit.entitlements */,
				1DFA61152C7D887500323C10 /* Preview Content */,
				1DFA615B2C87A7C100323C10 /* Info.plist */,
			);
			path = GymFit;
			sourceTree = "<group>";
		};
		1DFA61152C7D887500323C10 /* Preview Content */ = {
			isa = PBXGroup;
			children = (
				1DFA61162C7D887500323C10 /* Preview Assets.xcassets */,
			);
			path = "Preview Content";
			sourceTree = "<group>";
		};
		1DFA611F2C7D887500323C10 /* GymFitTests */ = {
			isa = PBXGroup;
			children = (
				1DFA61202C7D887500323C10 /* GymFitTests.swift */,
			);
			path = GymFitTests;
			sourceTree = "<group>";
		};
		1DFA61292C7D887500323C10 /* GymFitUITests */ = {
			isa = PBXGroup;
			children = (
				1DFA612A2C7D887500323C10 /* GymFitUITests.swift */,
				1DFA612C2C7D887500323C10 /* GymFitUITestsLaunchTests.swift */,
			);
			path = GymFitUITests;
			sourceTree = "<group>";
		};
		1DFA61392C82AC6000323C10 /* Views */ = {
			isa = PBXGroup;
			children = (
				1DFA610E2C7D887400323C10 /* ContentView.swift */,
				1D88B81B2CCB4B8F009B6538 /* Workouts */,
				1DFA614D2C82D46900323C10 /* Sessions */,
				1DFA61402C82AD2D00323C10 /* Menu */,
				1DFA613F2C82ACA500323C10 /* Home */,
				1DFA613E2C82AC9600323C10 /* Authentication */,
			);
			path = Views;
			sourceTree = "<group>";
		};
		1DFA613C2C82AC8A00323C10 /* ViewModels */ = {
			isa = PBXGroup;
			children = (
				1D2E4C532D94B684001FE0EC /* AuthViewModel.swift */,
				1DFA614B2C82B16600323C10 /* HomeViewModel.swift */,
			);
			path = ViewModels;
			sourceTree = "<group>";
		};
		1DFA613D2C82AC9000323C10 /* Models */ = {
			isa = PBXGroup;
			children = (
				1D2E4C782D94D23D001FE0EC /* ProfileField.swift */,
				1D2E4C682D94D04C001FE0EC /* Workout.swift */,
				1D2E4C622D94CFA4001FE0EC /* GymClass.swift */,
			);
			path = Models;
			sourceTree = "<group>";
		};
		1DFA613E2C82AC9600323C10 /* Authentication */ = {
			isa = PBXGroup;
			children = (
				1D2E4C4E2D94B5DD001FE0EC /* ForgotPasswordView.swift */,
				1D2E4C4C2D94B5C4001FE0EC /* AuthenticationView.swift */,
				1D2E4C4A2D94B5A0001FE0EC /* SignUpView.swift */,
				1DFA613A2C82AC7100323C10 /* LoginView.swift */,
			);
			path = Authentication;
			sourceTree = "<group>";
		};
		1DFA613F2C82ACA500323C10 /* Home */ = {
			isa = PBXGroup;
			children = (
				1DFA61412C82ADA800323C10 /* HomeView.swift */,
			);
			path = Home;
			sourceTree = "<group>";
		};
		1DFA61402C82AD2D00323C10 /* Menu */ = {
			isa = PBXGroup;
			children = (
				1D2E4C3A2D94AD70001FE0EC /* MenuView.swift */,
				1D2E4C442D94AEE2001FE0EC /* AppSettingsView.swift */,
				1D2E4C422D94AED4001FE0EC /* NotificationsSettingsView.swift */,
				1D2E4C402D94AEC6001FE0EC /* MembershipView.swift */,
				1D2E4C3E2D94AEB7001FE0EC /* ProfileView.swift */,
				1D2E4C3C2D94ADA7001FE0EC /* SocialMediaView.swift */,
				1D88B82A2CCB4CB5009B6538 /* CustomerServiceView.swift */,
			);
			path = Menu;
			sourceTree = "<group>";
		};
		1DFA61432C82AE4F00323C10 /* Components */ = {
			isa = PBXGroup;
			children = (
				1D2E4C6D2D94D168001FE0EC /* Menu */,
				1D2E4C6A2D94D067001FE0EC /* Workouts */,
				1D2E4C612D94CF90001FE0EC /* Sessions */,
				1D2E4C5B2D94CBF7001FE0EC /* Home */,
			);
			path = Components;
			sourceTree = "<group>";
		};
		1DFA61462C82AED200323C10 /* Resources */ = {
			isa = PBXGroup;
			children = (
				1DFA61472C82AEEC00323C10 /* UIConstants.swift */,
				1DFA61492C82AF4B00323C10 /* AppStrings.swift */,
			);
			path = Resources;
			sourceTree = "<group>";
		};
		1DFA614D2C82D46900323C10 /* Sessions */ = {
			isa = PBXGroup;
			children = (
				1DFA614E2C82D61000323C10 /* SchedulesView.swift */,
			);
			path = Sessions;
			sourceTree = "<group>";
		};
		1DFA61582C87A76300323C10 /* Managers */ = {
			isa = PBXGroup;
			children = (
				1DFA61592C87A77000323C10 /* ConfigurationManager.swift */,
			);
			path = Managers;
			sourceTree = "<group>";
		};
/* End PBXGroup section */

/* Begin PBXNativeTarget section */
		1DFA61082C7D887400323C10 /* GymFit */ = {
			isa = PBXNativeTarget;
			buildConfigurationList = 1DFA61302C7D887500323C10 /* Build configuration list for PBXNativeTarget "GymFit" */;
			buildPhases = (
				1DFA61052C7D887400323C10 /* Sources */,
				1DFA61062C7D887400323C10 /* Frameworks */,
				1DFA61072C7D887400323C10 /* Resources */,
			);
			buildRules = (
			);
			dependencies = (
			);
			name = GymFit;
			productName = GymFit;
			productReference = 1DFA61092C7D887400323C10 /* GymFit.app */;
			productType = "com.apple.product-type.application";
		};
		1DFA611B2C7D887500323C10 /* GymFitTests */ = {
			isa = PBXNativeTarget;
			buildConfigurationList = 1DFA61332C7D887500323C10 /* Build configuration list for PBXNativeTarget "GymFitTests" */;
			buildPhases = (
				1DFA61182C7D887500323C10 /* Sources */,
				1DFA61192C7D887500323C10 /* Frameworks */,
				1DFA611A2C7D887500323C10 /* Resources */,
			);
			buildRules = (
			);
			dependencies = (
				1DFA611E2C7D887500323C10 /* PBXTargetDependency */,
			);
			name = GymFitTests;
			productName = GymFitTests;
			productReference = 1DFA611C2C7D887500323C10 /* GymFitTests.xctest */;
			productType = "com.apple.product-type.bundle.unit-test";
		};
		1DFA61252C7D887500323C10 /* GymFitUITests */ = {
			isa = PBXNativeTarget;
			buildConfigurationList = 1DFA61362C7D887500323C10 /* Build configuration list for PBXNativeTarget "GymFitUITests" */;
			buildPhases = (
				1DFA61222C7D887500323C10 /* Sources */,
				1DFA61232C7D887500323C10 /* Frameworks */,
				1DFA61242C7D887500323C10 /* Resources */,
			);
			buildRules = (
			);
			dependencies = (
				1DFA61282C7D887500323C10 /* PBXTargetDependency */,
			);
			name = GymFitUITests;
			productName = GymFitUITests;
			productReference = 1DFA61262C7D887500323C10 /* GymFitUITests.xctest */;
			productType = "com.apple.product-type.bundle.ui-testing";
		};
/* End PBXNativeTarget section */

/* Begin PBXProject section */
		1DFA61012C7D887400323C10 /* Project object */ = {
			isa = PBXProject;
			attributes = {
				BuildIndependentTargetsInParallel = 1;
				LastSwiftUpdateCheck = 1540;
				LastUpgradeCheck = 1540;
				TargetAttributes = {
					1DFA61082C7D887400323C10 = {
						CreatedOnToolsVersion = 15.4;
					};
					1DFA611B2C7D887500323C10 = {
						CreatedOnToolsVersion = 15.4;
						TestTargetID = 1DFA61082C7D887400323C10;
					};
					1DFA61252C7D887500323C10 = {
						CreatedOnToolsVersion = 15.4;
						TestTargetID = 1DFA61082C7D887400323C10;
					};
				};
			};
			buildConfigurationList = 1DFA61042C7D887400323C10 /* Build configuration list for PBXProject "GymFit" */;
			compatibilityVersion = "Xcode 14.0";
			developmentRegion = en;
			hasScannedForEncodings = 0;
			knownRegions = (
				en,
				Base,
			);
			mainGroup = 1DFA61002C7D887400323C10;
			productRefGroup = 1DFA610A2C7D887400323C10 /* Products */;
			projectDirPath = "";
			projectRoot = "";
			targets = (
				1DFA61082C7D887400323C10 /* GymFit */,
				1DFA611B2C7D887500323C10 /* GymFitTests */,
				1DFA61252C7D887500323C10 /* GymFitUITests */,
			);
		};
/* End PBXProject section */

/* Begin PBXResourcesBuildPhase section */
		1DFA61072C7D887400323C10 /* Resources */ = {
			isa = PBXResourcesBuildPhase;
			buildActionMask = 2147483647;
			files = (
				1DFA61172C7D887500323C10 /* Preview Assets.xcassets in Resources */,
				1DFA61132C7D887500323C10 /* Assets.xcassets in Resources */,
			);
			runOnlyForDeploymentPostprocessing = 0;
		};
		1DFA611A2C7D887500323C10 /* Resources */ = {
			isa = PBXResourcesBuildPhase;
			buildActionMask = 2147483647;
			files = (
			);
			runOnlyForDeploymentPostprocessing = 0;
		};
		1DFA61242C7D887500323C10 /* Resources */ = {
			isa = PBXResourcesBuildPhase;
			buildActionMask = 2147483647;
			files = (
			);
			runOnlyForDeploymentPostprocessing = 0;
		};
/* End PBXResourcesBuildPhase section */

/* Begin PBXSourcesBuildPhase section */
		1DFA61052C7D887400323C10 /* Sources */ = {
			isa = PBXSourcesBuildPhase;
			buildActionMask = 2147483647;
			files = (
				1DFA613B2C82AC7100323C10 /* LoginView.swift in Sources */,
				1D2E4C732D94D201001FE0EC /* ServiceInfoCard.swift in Sources */,
				1D2E4C792D94D23D001FE0EC /* ProfileField.swift in Sources */,
				1DFA61422C82ADA800323C10 /* HomeView.swift in Sources */,
				1D2E4C392D94AD27001FE0EC /* WorkoutDetailView.swift in Sources */,
				1DFA610F2C7D887400323C10 /* ContentView.swift in Sources */,
				1D2E4C7E2D94D29F001FE0EC /* MembershipPlanCard.swift in Sources */,
				1D2E4C432D94AED4001FE0EC /* NotificationsSettingsView.swift in Sources */,
				1D2E4C4D2D94B5C4001FE0EC /* AuthenticationView.swift in Sources */,
				1D2E4C822D94D2BF001FE0EC /* PaymentHistoryRow.swift in Sources */,
				1DFA614C2C82B16600323C10 /* HomeViewModel.swift in Sources */,
				1D2E4C4B2D94B5A0001FE0EC /* SignUpView.swift in Sources */,
				1D2E4C712D94D1E4001FE0EC /* SocialButton.swift in Sources */,
				1D2E4C472D94AF03001FE0EC /* CredentialCard.swift in Sources */,
				1D2E4C6C2D94D070001FE0EC /* WorkoutRow.swift in Sources */,
				1D2E4C862D94D2E2001FE0EC /* MembershipProgressBar.swift in Sources */,
				1DFA614F2C82D61000323C10 /* SchedulesView.swift in Sources */,
				1DFA614A2C82AF4B00323C10 /* AppStrings.swift in Sources */,
				1D2E4C652D94CFC4001FE0EC /* ClassCard.swift in Sources */,
				1D2E4C522D94B60E001FE0EC /* View+Extension.swift in Sources */,
				1D88B82B2CCB4CB5009B6538 /* CustomerServiceView.swift in Sources */,
				1D2E4C372D94ACA8001FE0EC /* WorkoutsView.swift in Sources */,
				1D2E4C492D94AF4D001FE0EC /* PromotionCard.swift in Sources */,
				1D2E4C3F2D94AEB7001FE0EC /* ProfileView.swift in Sources */,
				1D2E4C582D94CA1E001FE0EC /* PromotionsCarousel.swift in Sources */,
				1DFA615A2C87A77000323C10 /* ConfigurationManager.swift in Sources */,
				1D2E4C802D94D2B2001FE0EC /* RenewalOptionsView.swift in Sources */,
				1D2E4C7B2D94D272001FE0EC /* StatCard.swift in Sources */,
				1D2E4C542D94B684001FE0EC /* AuthViewModel.swift in Sources */,
				1D2E4C842D94D2D1001FE0EC /* BenefitRow.swift in Sources */,
				1D2E4C3B2D94AD70001FE0EC /* MenuView.swift in Sources */,
				1D2E4C752D94D210001FE0EC /* FAQItem.swift in Sources */,
				1D2E4C692D94D04C001FE0EC /* Workout.swift in Sources */,
				1DFA610D2C7D887400323C10 /* GymFitApp.swift in Sources */,
				1D2E4C4F2D94B5DD001FE0EC /* ForgotPasswordView.swift in Sources */,
				1DFA61482C82AEEC00323C10 /* UIConstants.swift in Sources */,
				1D2E4C632D94CFA4001FE0EC /* GymClass.swift in Sources */,
				1D2E4C672D94D021001FE0EC /* FullScreenImageView.swift in Sources */,
				1D2E4C6F2D94D175001FE0EC /* MenuRow.swift in Sources */,
				1D2E4C412D94AEC6001FE0EC /* MembershipView.swift in Sources */,
				1D2E4C602D94CEEE001FE0EC /* UpcomingClassCard.swift in Sources */,
				1D2E4C3D2D94ADA7001FE0EC /* SocialMediaView.swift in Sources */,
				1D2E4C452D94AEE2001FE0EC /* AppSettingsView.swift in Sources */,
				1D2E4C5E2D94CEDF001FE0EC /* UpcomingClassesView.swift in Sources */,
				1D2E4C772D94D22C001FE0EC /* ProfileInfoSection.swift in Sources */,
			);
			runOnlyForDeploymentPostprocessing = 0;
		};
		1DFA61182C7D887500323C10 /* Sources */ = {
			isa = PBXSourcesBuildPhase;
			buildActionMask = 2147483647;
			files = (
				1DFA61212C7D887500323C10 /* GymFitTests.swift in Sources */,
			);
			runOnlyForDeploymentPostprocessing = 0;
		};
		1DFA61222C7D887500323C10 /* Sources */ = {
			isa = PBXSourcesBuildPhase;
			buildActionMask = 2147483647;
			files = (
				1DFA612D2C7D887500323C10 /* GymFitUITestsLaunchTests.swift in Sources */,
				1DFA612B2C7D887500323C10 /* GymFitUITests.swift in Sources */,
			);
			runOnlyForDeploymentPostprocessing = 0;
		};
/* End PBXSourcesBuildPhase section */

/* Begin PBXTargetDependency section */
		1DFA611E2C7D887500323C10 /* PBXTargetDependency */ = {
			isa = PBXTargetDependency;
			target = 1DFA61082C7D887400323C10 /* GymFit */;
			targetProxy = 1DFA611D2C7D887500323C10 /* PBXContainerItemProxy */;
		};
		1DFA61282C7D887500323C10 /* PBXTargetDependency */ = {
			isa = PBXTargetDependency;
			target = 1DFA61082C7D887400323C10 /* GymFit */;
			targetProxy = 1DFA61272C7D887500323C10 /* PBXContainerItemProxy */;
		};
/* End PBXTargetDependency section */

/* Begin XCBuildConfiguration section */
		1DFA612E2C7D887500323C10 /* Debug */ = {
			isa = XCBuildConfiguration;
			buildSettings = {
				ALWAYS_SEARCH_USER_PATHS = NO;
				ASSETCATALOG_COMPILER_GENERATE_SWIFT_ASSET_SYMBOL_EXTENSIONS = YES;
				CLANG_ANALYZER_NONNULL = YES;
				CLANG_ANALYZER_NUMBER_OBJECT_CONVERSION = YES_AGGRESSIVE;
				CLANG_CXX_LANGUAGE_STANDARD = "gnu++20";
				CLANG_ENABLE_MODULES = YES;
				CLANG_ENABLE_OBJC_ARC = YES;
				CLANG_ENABLE_OBJC_WEAK = YES;
				CLANG_WARN_BLOCK_CAPTURE_AUTORELEASING = YES;
				CLANG_WARN_BOOL_CONVERSION = YES;
				CLANG_WARN_COMMA = YES;
				CLANG_WARN_CONSTANT_CONVERSION = YES;
				CLANG_WARN_DEPRECATED_OBJC_IMPLEMENTATIONS = YES;
				CLANG_WARN_DIRECT_OBJC_ISA_USAGE = YES_ERROR;
				CLANG_WARN_DOCUMENTATION_COMMENTS = YES;
				CLANG_WARN_EMPTY_BODY = YES;
				CLANG_WARN_ENUM_CONVERSION = YES;
				CLANG_WARN_INFINITE_RECURSION = YES;
				CLANG_WARN_INT_CONVERSION = YES;
				CLANG_WARN_NON_LITERAL_NULL_CONVERSION = YES;
				CLANG_WARN_OBJC_IMPLICIT_RETAIN_SELF = YES;
				CLANG_WARN_OBJC_LITERAL_CONVERSION = YES;
				CLANG_WARN_OBJC_ROOT_CLASS = YES_ERROR;
				CLANG_WARN_QUOTED_INCLUDE_IN_FRAMEWORK_HEADER = YES;
				CLANG_WARN_RANGE_LOOP_ANALYSIS = YES;
				CLANG_WARN_STRICT_PROTOTYPES = YES;
				CLANG_WARN_SUSPICIOUS_MOVE = YES;
				CLANG_WARN_UNGUARDED_AVAILABILITY = YES_AGGRESSIVE;
				CLANG_WARN_UNREACHABLE_CODE = YES;
				CLANG_WARN__DUPLICATE_METHOD_MATCH = YES;
				COPY_PHASE_STRIP = NO;
				DEBUG_INFORMATION_FORMAT = dwarf;
				ENABLE_STRICT_OBJC_MSGSEND = YES;
				ENABLE_TESTABILITY = YES;
				ENABLE_USER_SCRIPT_SANDBOXING = YES;
				GCC_C_LANGUAGE_STANDARD = gnu17;
				GCC_DYNAMIC_NO_PIC = NO;
				GCC_NO_COMMON_BLOCKS = YES;
				GCC_OPTIMIZATION_LEVEL = 0;
				GCC_PREPROCESSOR_DEFINITIONS = (
					"DEBUG=1",
					"$(inherited)",
				);
				GCC_WARN_64_TO_32_BIT_CONVERSION = YES;
				GCC_WARN_ABOUT_RETURN_TYPE = YES_ERROR;
				GCC_WARN_UNDECLARED_SELECTOR = YES;
				GCC_WARN_UNINITIALIZED_AUTOS = YES_AGGRESSIVE;
				GCC_WARN_UNUSED_FUNCTION = YES;
				GCC_WARN_UNUSED_VARIABLE = YES;
				"INFOPLIST_FILE[sdk=*]" = "";
				LOCALIZATION_PREFERS_STRING_CATALOGS = YES;
				MTL_ENABLE_DEBUG_INFO = INCLUDE_SOURCE;
				MTL_FAST_MATH = YES;
				ONLY_ACTIVE_ARCH = YES;
				SWIFT_ACTIVE_COMPILATION_CONDITIONS = "DEBUG $(inherited)";
				SWIFT_OPTIMIZATION_LEVEL = "-Onone";
			};
			name = Debug;
		};
		1DFA612F2C7D887500323C10 /* Release */ = {
			isa = XCBuildConfiguration;
			buildSettings = {
				ALWAYS_SEARCH_USER_PATHS = NO;
				ASSETCATALOG_COMPILER_GENERATE_SWIFT_ASSET_SYMBOL_EXTENSIONS = YES;
				CLANG_ANALYZER_NONNULL = YES;
				CLANG_ANALYZER_NUMBER_OBJECT_CONVERSION = YES_AGGRESSIVE;
				CLANG_CXX_LANGUAGE_STANDARD = "gnu++20";
				CLANG_ENABLE_MODULES = YES;
				CLANG_ENABLE_OBJC_ARC = YES;
				CLANG_ENABLE_OBJC_WEAK = YES;
				CLANG_WARN_BLOCK_CAPTURE_AUTORELEASING = YES;
				CLANG_WARN_BOOL_CONVERSION = YES;
				CLANG_WARN_COMMA = YES;
				CLANG_WARN_CONSTANT_CONVERSION = YES;
				CLANG_WARN_DEPRECATED_OBJC_IMPLEMENTATIONS = YES;
				CLANG_WARN_DIRECT_OBJC_ISA_USAGE = YES_ERROR;
				CLANG_WARN_DOCUMENTATION_COMMENTS = YES;
				CLANG_WARN_EMPTY_BODY = YES;
				CLANG_WARN_ENUM_CONVERSION = YES;
				CLANG_WARN_INFINITE_RECURSION = YES;
				CLANG_WARN_INT_CONVERSION = YES;
				CLANG_WARN_NON_LITERAL_NULL_CONVERSION = YES;
				CLANG_WARN_OBJC_IMPLICIT_RETAIN_SELF = YES;
				CLANG_WARN_OBJC_LITERAL_CONVERSION = YES;
				CLANG_WARN_OBJC_ROOT_CLASS = YES_ERROR;
				CLANG_WARN_QUOTED_INCLUDE_IN_FRAMEWORK_HEADER = YES;
				CLANG_WARN_RANGE_LOOP_ANALYSIS = YES;
				CLANG_WARN_STRICT_PROTOTYPES = YES;
				CLANG_WARN_SUSPICIOUS_MOVE = YES;
				CLANG_WARN_UNGUARDED_AVAILABILITY = YES_AGGRESSIVE;
				CLANG_WARN_UNREACHABLE_CODE = YES;
				CLANG_WARN__DUPLICATE_METHOD_MATCH = YES;
				COPY_PHASE_STRIP = NO;
				DEBUG_INFORMATION_FORMAT = "dwarf-with-dsym";
				ENABLE_NS_ASSERTIONS = NO;
				ENABLE_STRICT_OBJC_MSGSEND = YES;
				ENABLE_USER_SCRIPT_SANDBOXING = YES;
				GCC_C_LANGUAGE_STANDARD = gnu17;
				GCC_NO_COMMON_BLOCKS = YES;
				GCC_WARN_64_TO_32_BIT_CONVERSION = YES;
				GCC_WARN_ABOUT_RETURN_TYPE = YES_ERROR;
				GCC_WARN_UNDECLARED_SELECTOR = YES;
				GCC_WARN_UNINITIALIZED_AUTOS = YES_AGGRESSIVE;
				GCC_WARN_UNUSED_FUNCTION = YES;
				GCC_WARN_UNUSED_VARIABLE = YES;
				LOCALIZATION_PREFERS_STRING_CATALOGS = YES;
				MTL_ENABLE_DEBUG_INFO = NO;
				MTL_FAST_MATH = YES;
				SWIFT_COMPILATION_MODE = wholemodule;
			};
			name = Release;
		};
		1DFA61312C7D887500323C10 /* Debug */ = {
			isa = XCBuildConfiguration;
			buildSettings = {
				ASSETCATALOG_COMPILER_APPICON_NAME = AppIcon;
				ASSETCATALOG_COMPILER_GLOBAL_ACCENT_COLOR_NAME = AccentColor;
				ASSETCATALOG_COMPILER_INCLUDE_ALL_APPICON_ASSETS = YES;
				CODE_SIGN_ENTITLEMENTS = GymFit/GymFit.entitlements;
				CODE_SIGN_STYLE = Automatic;
				CURRENT_PROJECT_VERSION = 1;
				DEVELOPMENT_ASSET_PATHS = "\"GymFit/Preview Content\"";
				DEVELOPMENT_TEAM = ZHLD96SP29;
				ENABLE_HARDENED_RUNTIME = YES;
				ENABLE_PREVIEWS = YES;
				GENERATE_INFOPLIST_FILE = YES;
				INFOPLIST_FILE = GymFit/Info.plist;
				"INFOPLIST_KEY_UIApplicationSceneManifest_Generation[sdk=iphoneos*]" = YES;
				"INFOPLIST_KEY_UIApplicationSceneManifest_Generation[sdk=iphonesimulator*]" = YES;
				"INFOPLIST_KEY_UIApplicationSupportsIndirectInputEvents[sdk=iphoneos*]" = YES;
				"INFOPLIST_KEY_UIApplicationSupportsIndirectInputEvents[sdk=iphonesimulator*]" = YES;
				"INFOPLIST_KEY_UILaunchScreen_Generation[sdk=iphoneos*]" = YES;
				"INFOPLIST_KEY_UILaunchScreen_Generation[sdk=iphonesimulator*]" = YES;
				"INFOPLIST_KEY_UIStatusBarStyle[sdk=iphoneos*]" = UIStatusBarStyleDefault;
				"INFOPLIST_KEY_UIStatusBarStyle[sdk=iphonesimulator*]" = UIStatusBarStyleDefault;
				INFOPLIST_KEY_UISupportedInterfaceOrientations_iPad = "UIInterfaceOrientationPortrait UIInterfaceOrientationPortraitUpsideDown UIInterfaceOrientationLandscapeLeft UIInterfaceOrientationLandscapeRight";
				INFOPLIST_KEY_UISupportedInterfaceOrientations_iPhone = "UIInterfaceOrientationPortrait UIInterfaceOrientationLandscapeLeft UIInterfaceOrientationLandscapeRight";
				IPHONEOS_DEPLOYMENT_TARGET = 17.5;
				LD_RUNPATH_SEARCH_PATHS = "@executable_path/Frameworks";
				"LD_RUNPATH_SEARCH_PATHS[sdk=macosx*]" = "@executable_path/../Frameworks";
				MACOSX_DEPLOYMENT_TARGET = 14.0;
				MARKETING_VERSION = 1.0;
				PRODUCT_BUNDLE_IDENTIFIER = IvanLB.GymFit;
				PRODUCT_NAME = "$(TARGET_NAME)";
				SDKROOT = auto;
				SUPPORTED_PLATFORMS = "iphoneos iphonesimulator";
				SUPPORTS_MACCATALYST = NO;
				SWIFT_EMIT_LOC_STRINGS = YES;
				SWIFT_VERSION = 5.0;
				TARGETED_DEVICE_FAMILY = 1;
			};
			name = Debug;
		};
		1DFA61322C7D887500323C10 /* Release */ = {
			isa = XCBuildConfiguration;
			buildSettings = {
				ASSETCATALOG_COMPILER_APPICON_NAME = AppIcon;
				ASSETCATALOG_COMPILER_GLOBAL_ACCENT_COLOR_NAME = AccentColor;
				ASSETCATALOG_COMPILER_INCLUDE_ALL_APPICON_ASSETS = YES;
				CODE_SIGN_ENTITLEMENTS = GymFit/GymFit.entitlements;
				CODE_SIGN_STYLE = Automatic;
				CURRENT_PROJECT_VERSION = 1;
				DEVELOPMENT_ASSET_PATHS = "\"GymFit/Preview Content\"";
				DEVELOPMENT_TEAM = ZHLD96SP29;
				ENABLE_HARDENED_RUNTIME = YES;
				ENABLE_PREVIEWS = YES;
				GENERATE_INFOPLIST_FILE = YES;
				INFOPLIST_FILE = GymFit/Info.plist;
				"INFOPLIST_KEY_UIApplicationSceneManifest_Generation[sdk=iphoneos*]" = YES;
				"INFOPLIST_KEY_UIApplicationSceneManifest_Generation[sdk=iphonesimulator*]" = YES;
				"INFOPLIST_KEY_UIApplicationSupportsIndirectInputEvents[sdk=iphoneos*]" = YES;
				"INFOPLIST_KEY_UIApplicationSupportsIndirectInputEvents[sdk=iphonesimulator*]" = YES;
				"INFOPLIST_KEY_UILaunchScreen_Generation[sdk=iphoneos*]" = YES;
				"INFOPLIST_KEY_UILaunchScreen_Generation[sdk=iphonesimulator*]" = YES;
				"INFOPLIST_KEY_UIStatusBarStyle[sdk=iphoneos*]" = UIStatusBarStyleDefault;
				"INFOPLIST_KEY_UIStatusBarStyle[sdk=iphonesimulator*]" = UIStatusBarStyleDefault;
				INFOPLIST_KEY_UISupportedInterfaceOrientations_iPad = "UIInterfaceOrientationPortrait UIInterfaceOrientationPortraitUpsideDown UIInterfaceOrientationLandscapeLeft UIInterfaceOrientationLandscapeRight";
				INFOPLIST_KEY_UISupportedInterfaceOrientations_iPhone = "UIInterfaceOrientationPortrait UIInterfaceOrientationLandscapeLeft UIInterfaceOrientationLandscapeRight";
				IPHONEOS_DEPLOYMENT_TARGET = 17.5;
				LD_RUNPATH_SEARCH_PATHS = "@executable_path/Frameworks";
				"LD_RUNPATH_SEARCH_PATHS[sdk=macosx*]" = "@executable_path/../Frameworks";
				MACOSX_DEPLOYMENT_TARGET = 14.0;
				MARKETING_VERSION = 1.0;
				PRODUCT_BUNDLE_IDENTIFIER = IvanLB.GymFit;
				PRODUCT_NAME = "$(TARGET_NAME)";
				SDKROOT = auto;
				SUPPORTED_PLATFORMS = "iphoneos iphonesimulator";
				SUPPORTS_MACCATALYST = NO;
				SWIFT_EMIT_LOC_STRINGS = YES;
				SWIFT_VERSION = 5.0;
				TARGETED_DEVICE_FAMILY = 1;
			};
			name = Release;
		};
		1DFA61342C7D887500323C10 /* Debug */ = {
			isa = XCBuildConfiguration;
			buildSettings = {
				ALWAYS_EMBED_SWIFT_STANDARD_LIBRARIES = YES;
				BUNDLE_LOADER = "$(TEST_HOST)";
				CODE_SIGN_STYLE = Automatic;
				CURRENT_PROJECT_VERSION = 1;
				DEVELOPMENT_TEAM = ZHLD96SP29;
				GENERATE_INFOPLIST_FILE = YES;
				IPHONEOS_DEPLOYMENT_TARGET = 17.5;
				MACOSX_DEPLOYMENT_TARGET = 14.4;
				MARKETING_VERSION = 1.0;
				PRODUCT_BUNDLE_IDENTIFIER = IvanLB.GymFitTests;
				PRODUCT_NAME = "$(TARGET_NAME)";
				SDKROOT = auto;
				SUPPORTED_PLATFORMS = "iphoneos iphonesimulator macosx";
				SWIFT_EMIT_LOC_STRINGS = NO;
				SWIFT_VERSION = 5.0;
				TARGETED_DEVICE_FAMILY = "1,2";
				TEST_HOST = "$(BUILT_PRODUCTS_DIR)/GymFit.app/$(BUNDLE_EXECUTABLE_FOLDER_PATH)/GymFit";
			};
			name = Debug;
		};
		1DFA61352C7D887500323C10 /* Release */ = {
			isa = XCBuildConfiguration;
			buildSettings = {
				ALWAYS_EMBED_SWIFT_STANDARD_LIBRARIES = YES;
				BUNDLE_LOADER = "$(TEST_HOST)";
				CODE_SIGN_STYLE = Automatic;
				CURRENT_PROJECT_VERSION = 1;
				DEVELOPMENT_TEAM = ZHLD96SP29;
				GENERATE_INFOPLIST_FILE = YES;
				IPHONEOS_DEPLOYMENT_TARGET = 17.5;
				MACOSX_DEPLOYMENT_TARGET = 14.4;
				MARKETING_VERSION = 1.0;
				PRODUCT_BUNDLE_IDENTIFIER = IvanLB.GymFitTests;
				PRODUCT_NAME = "$(TARGET_NAME)";
				SDKROOT = auto;
				SUPPORTED_PLATFORMS = "iphoneos iphonesimulator macosx";
				SWIFT_EMIT_LOC_STRINGS = NO;
				SWIFT_VERSION = 5.0;
				TARGETED_DEVICE_FAMILY = "1,2";
				TEST_HOST = "$(BUILT_PRODUCTS_DIR)/GymFit.app/$(BUNDLE_EXECUTABLE_FOLDER_PATH)/GymFit";
			};
			name = Release;
		};
		1DFA61372C7D887500323C10 /* Debug */ = {
			isa = XCBuildConfiguration;
			buildSettings = {
				ALWAYS_EMBED_SWIFT_STANDARD_LIBRARIES = YES;
				CODE_SIGN_STYLE = Automatic;
				CURRENT_PROJECT_VERSION = 1;
				DEVELOPMENT_TEAM = ZHLD96SP29;
				GENERATE_INFOPLIST_FILE = YES;
				IPHONEOS_DEPLOYMENT_TARGET = 17.5;
				MACOSX_DEPLOYMENT_TARGET = 14.4;
				MARKETING_VERSION = 1.0;
				PRODUCT_BUNDLE_IDENTIFIER = IvanLB.GymFitUITests;
				PRODUCT_NAME = "$(TARGET_NAME)";
				SDKROOT = auto;
				SUPPORTED_PLATFORMS = "iphoneos iphonesimulator macosx";
				SWIFT_EMIT_LOC_STRINGS = NO;
				SWIFT_VERSION = 5.0;
				TARGETED_DEVICE_FAMILY = "1,2";
				TEST_TARGET_NAME = GymFit;
			};
			name = Debug;
		};
		1DFA61382C7D887500323C10 /* Release */ = {
			isa = XCBuildConfiguration;
			buildSettings = {
				ALWAYS_EMBED_SWIFT_STANDARD_LIBRARIES = YES;
				CODE_SIGN_STYLE = Automatic;
				CURRENT_PROJECT_VERSION = 1;
				DEVELOPMENT_TEAM = ZHLD96SP29;
				GENERATE_INFOPLIST_FILE = YES;
				IPHONEOS_DEPLOYMENT_TARGET = 17.5;
				MACOSX_DEPLOYMENT_TARGET = 14.4;
				MARKETING_VERSION = 1.0;
				PRODUCT_BUNDLE_IDENTIFIER = IvanLB.GymFitUITests;
				PRODUCT_NAME = "$(TARGET_NAME)";
				SDKROOT = auto;
				SUPPORTED_PLATFORMS = "iphoneos iphonesimulator macosx";
				SWIFT_EMIT_LOC_STRINGS = NO;
				SWIFT_VERSION = 5.0;
				TARGETED_DEVICE_FAMILY = "1,2";
				TEST_TARGET_NAME = GymFit;
			};
			name = Release;
		};
/* End XCBuildConfiguration section */

/* Begin XCConfigurationList section */
		1DFA61042C7D887400323C10 /* Build configuration list for PBXProject "GymFit" */ = {
			isa = XCConfigurationList;
			buildConfigurations = (
				1DFA612E2C7D887500323C10 /* Debug */,
				1DFA612F2C7D887500323C10 /* Release */,
			);
			defaultConfigurationIsVisible = 0;
			defaultConfigurationName = Release;
		};
		1DFA61302C7D887500323C10 /* Build configuration list for PBXNativeTarget "GymFit" */ = {
			isa = XCConfigurationList;
			buildConfigurations = (
				1DFA61312C7D887500323C10 /* Debug */,
				1DFA61322C7D887500323C10 /* Release */,
			);
			defaultConfigurationIsVisible = 0;
			defaultConfigurationName = Release;
		};
		1DFA61332C7D887500323C10 /* Build configuration list for PBXNativeTarget "GymFitTests" */ = {
			isa = XCConfigurationList;
			buildConfigurations = (
				1DFA61342C7D887500323C10 /* Debug */,
				1DFA61352C7D887500323C10 /* Release */,
			);
			defaultConfigurationIsVisible = 0;
			defaultConfigurationName = Release;
		};
		1DFA61362C7D887500323C10 /* Build configuration list for PBXNativeTarget "GymFitUITests" */ = {
			isa = XCConfigurationList;
			buildConfigurations = (
				1DFA61372C7D887500323C10 /* Debug */,
				1DFA61382C7D887500323C10 /* Release */,
			);
			defaultConfigurationIsVisible = 0;
			defaultConfigurationName = Release;
		};
/* End XCConfigurationList section */
	};
	rootObject = 1DFA61012C7D887400323C10 /* Project object */;
}
